
Microsoft Visual Studio Solution File, Format Version 12.00
# Visual Studio Version 16
VisualStudioVersion = 16.0.30621.155
MinimumVisualStudioVersion = 10.0.40219.1
Project("{FAE04EC0-301F-11D3-BF4B-00C04F79EFBC}") = "617合并二叉树", "617合并二叉树\617合并二叉树.csproj", "{4722C90A-9E17-4DB7-B825-AC220840DDE5}"
EndProject
Project("{FAE04EC0-301F-11D3-BF4B-00C04F79EFBC}") = "461汉明距离", "461汉明距离\461汉明距离.csproj", "{AE605860-4A63-4E97-8E1C-4DB6F5156683}"
EndProject
Project("{FAE04EC0-301F-11D3-BF4B-00C04F79EFBC}") = "226翻转二叉树", "226翻转二叉树\226翻转二叉树.csproj", "{2C4B713D-8762-46B0-B212-12AEA506F078}"
EndProject
Project("{FAE04EC0-301F-11D3-BF4B-00C04F79EFBC}") = "001两数之和", "1两数之和\001两数之和.csproj", "{B445A8E1-16DB-4C93-8FA4-180B66325FE2}"
EndProject
Project("{FAE04EC0-301F-11D3-BF4B-00C04F79EFBC}") = "104二叉树的最大深度", "104二叉树的最大深度\104二叉树的最大深度.csproj", "{67E4EFF1-CEC1-4EAA-85FC-27AE196534B7}"
EndProject
Project("{FAE04EC0-301F-11D3-BF4B-00C04F79EFBC}") = "206反转链表", "206反转链表\206反转链表.csproj", "{DA0E9C49-8291-4621-A033-48CB97BAFD01}"
EndProject
Project("{FAE04EC0-301F-11D3-BF4B-00C04F79EFBC}") = "136只出现一次的数字", "136只出现一次的数字\136只出现一次的数字.csproj", "{AB98CA44-B5B0-4C2A-AF3B-F710C80629AB}"
EndProject
Project("{FAE04EC0-301F-11D3-BF4B-00C04F79EFBC}") = "169多数元素", "169多数元素\169多数元素.csproj", "{9903C37C-A58A-49EC-980C-FFF758E49FDF}"
EndProject
Project("{FAE04EC0-301F-11D3-BF4B-00C04F79EFBC}") = "021合并两个有序链表", "021合并两个有序链表\021合并两个有序链表.csproj", "{348277E4-8BB3-4A8F-AF69-B9AED96E33D2}"
EndProject
Project("{FAE04EC0-301F-11D3-BF4B-00C04F79EFBC}") = "283移动零", "283移动零\283移动零.csproj", "{8895D00C-677D-4444-948E-98AC757CFDCD}"
EndProject
Global
	GlobalSection(SolutionConfigurationPlatforms) = preSolution
		Debug|Any CPU = Debug|Any CPU
		Release|Any CPU = Release|Any CPU
	EndGlobalSection
	GlobalSection(ProjectConfigurationPlatforms) = postSolution
		{4722C90A-9E17-4DB7-B825-AC220840DDE5}.Debug|Any CPU.ActiveCfg = Debug|Any CPU
		{4722C90A-9E17-4DB7-B825-AC220840DDE5}.Debug|Any CPU.Build.0 = Debug|Any CPU
		{4722C90A-9E17-4DB7-B825-AC220840DDE5}.Release|Any CPU.ActiveCfg = Release|Any CPU
		{4722C90A-9E17-4DB7-B825-AC220840DDE5}.Release|Any CPU.Build.0 = Release|Any CPU
		{AE605860-4A63-4E97-8E1C-4DB6F5156683}.Debug|Any CPU.ActiveCfg = Debug|Any CPU
		{AE605860-4A63-4E97-8E1C-4DB6F5156683}.Debug|Any CPU.Build.0 = Debug|Any CPU
		{AE605860-4A63-4E97-8E1C-4DB6F5156683}.Release|Any CPU.ActiveCfg = Release|Any CPU
		{AE605860-4A63-4E97-8E1C-4DB6F5156683}.Release|Any CPU.Build.0 = Release|Any CPU
		{2C4B713D-8762-46B0-B212-12AEA506F078}.Debug|Any CPU.ActiveCfg = Debug|Any CPU
		{2C4B713D-8762-46B0-B212-12AEA506F078}.Debug|Any CPU.Build.0 = Debug|Any CPU
		{2C4B713D-8762-46B0-B212-12AEA506F078}.Release|Any CPU.ActiveCfg = Release|Any CPU
		{2C4B713D-8762-46B0-B212-12AEA506F078}.Release|Any CPU.Build.0 = Release|Any CPU
		{B445A8E1-16DB-4C93-8FA4-180B66325FE2}.Debug|Any CPU.ActiveCfg = Debug|Any CPU
		{B445A8E1-16DB-4C93-8FA4-180B66325FE2}.Debug|Any CPU.Build.0 = Debug|Any CPU
		{B445A8E1-16DB-4C93-8FA4-180B66325FE2}.Release|Any CPU.ActiveCfg = Release|Any CPU
		{B445A8E1-16DB-4C93-8FA4-180B66325FE2}.Release|Any CPU.Build.0 = Release|Any CPU
		{67E4EFF1-CEC1-4EAA-85FC-27AE196534B7}.Debug|Any CPU.ActiveCfg = Debug|Any CPU
		{67E4EFF1-CEC1-4EAA-85FC-27AE196534B7}.Debug|Any CPU.Build.0 = Debug|Any CPU
		{67E4EFF1-CEC1-4EAA-85FC-27AE196534B7}.Release|Any CPU.ActiveCfg = Release|Any CPU
		{67E4EFF1-CEC1-4EAA-85FC-27AE196534B7}.Release|Any CPU.Build.0 = Release|Any CPU
		{DA0E9C49-8291-4621-A033-48CB97BAFD01}.Debug|Any CPU.ActiveCfg = Debug|Any CPU
		{DA0E9C49-8291-4621-A033-48CB97BAFD01}.Debug|Any CPU.Build.0 = Debug|Any CPU
		{DA0E9C49-8291-4621-A033-48CB97BAFD01}.Release|Any CPU.ActiveCfg = Release|Any CPU
		{DA0E9C49-8291-4621-A033-48CB97BAFD01}.Release|Any CPU.Build.0 = Release|Any CPU
		{AB98CA44-B5B0-4C2A-AF3B-F710C80629AB}.Debug|Any CPU.ActiveCfg = Debug|Any CPU
		{AB98CA44-B5B0-4C2A-AF3B-F710C80629AB}.Debug|Any CPU.Build.0 = Debug|Any CPU
		{AB98CA44-B5B0-4C2A-AF3B-F710C80629AB}.Release|Any CPU.ActiveCfg = Release|Any CPU
		{AB98CA44-B5B0-4C2A-AF3B-F710C80629AB}.Release|Any CPU.Build.0 = Release|Any CPU
		{9903C37C-A58A-49EC-980C-FFF758E49FDF}.Debug|Any CPU.ActiveCfg = Debug|Any CPU
		{9903C37C-A58A-49EC-980C-FFF758E49FDF}.Debug|Any CPU.Build.0 = Debug|Any CPU
		{9903C37C-A58A-49EC-980C-FFF758E49FDF}.Release|Any CPU.ActiveCfg = Release|Any CPU
		{9903C37C-A58A-49EC-980C-FFF758E49FDF}.Release|Any CPU.Build.0 = Release|Any CPU
		{348277E4-8BB3-4A8F-AF69-B9AED96E33D2}.Debug|Any CPU.ActiveCfg = Debug|Any CPU
		{348277E4-8BB3-4A8F-AF69-B9AED96E33D2}.Debug|Any CPU.Build.0 = Debug|Any CPU
		{348277E4-8BB3-4A8F-AF69-B9AED96E33D2}.Release|Any CPU.ActiveCfg = Release|Any CPU
		{348277E4-8BB3-4A8F-AF69-B9AED96E33D2}.Release|Any CPU.Build.0 = Release|Any CPU
		{8895D00C-677D-4444-948E-98AC757CFDCD}.Debug|Any CPU.ActiveCfg = Debug|Any CPU
		{8895D00C-677D-4444-948E-98AC757CFDCD}.Debug|Any CPU.Build.0 = Debug|Any CPU
		{8895D00C-677D-4444-948E-98AC757CFDCD}.Release|Any CPU.ActiveCfg = Release|Any CPU
		{8895D00C-677D-4444-948E-98AC757CFDCD}.Release|Any CPU.Build.0 = Release|Any CPU
	EndGlobalSection
	GlobalSection(SolutionProperties) = preSolution
		HideSolutionNode = FALSE
	EndGlobalSection
	GlobalSection(ExtensibilityGlobals) = postSolution
		SolutionGuid = {19E943C1-A6AF-498F-AFE9-A151550543B4}
	EndGlobalSection
EndGlobal
