
Microsoft Visual Studio Solution File, Format Version 12.00
# Visual Studio Version 16
VisualStudioVersion = 16.0.30621.155
MinimumVisualStudioVersion = 10.0.40219.1
Project("{FAE04EC0-301F-11D3-BF4B-00C04F79EFBC}") = "617合并二叉树", "617合并二叉树\617合并二叉树.csproj", "{4722C90A-9E17-4DB7-B825-AC220840DDE5}"
EndProject
Project("{FAE04EC0-301F-11D3-BF4B-00C04F79EFBC}") = "461汉明距离", "461汉明距离\461汉明距离.csproj", "{AE605860-4A63-4E97-8E1C-4DB6F5156683}"
EndProject
Project("{FAE04EC0-301F-11D3-BF4B-00C04F79EFBC}") = "226翻转二叉树", "226翻转二叉树\226翻转二叉树.csproj", "{2C4B713D-8762-46B0-B212-12AEA506F078}"
EndProject
Project("{FAE04EC0-301F-11D3-BF4B-00C04F79EFBC}") = "104二叉树的最大深度", "104二叉树的最大深度\104二叉树的最大深度.csproj", "{67E4EFF1-CEC1-4EAA-85FC-27AE196534B7}"
EndProject
Project("{FAE04EC0-301F-11D3-BF4B-00C04F79EFBC}") = "206反转链表", "206反转链表\206反转链表.csproj", "{DA0E9C49-8291-4621-A033-48CB97BAFD01}"
EndProject
Project("{FAE04EC0-301F-11D3-BF4B-00C04F79EFBC}") = "136只出现一次的数字", "136只出现一次的数字\136只出现一次的数字.csproj", "{AB98CA44-B5B0-4C2A-AF3B-F710C80629AB}"
EndProject
Project("{FAE04EC0-301F-11D3-BF4B-00C04F79EFBC}") = "169多数元素", "169多数元素\169多数元素.csproj", "{9903C37C-A58A-49EC-980C-FFF758E49FDF}"
EndProject
Project("{FAE04EC0-301F-11D3-BF4B-00C04F79EFBC}") = "021合并两个有序链表", "021合并两个有序链表\021合并两个有序链表.csproj", "{348277E4-8BB3-4A8F-AF69-B9AED96E33D2}"
EndProject
Project("{FAE04EC0-301F-11D3-BF4B-00C04F79EFBC}") = "283移动零", "283移动零\283移动零.csproj", "{8895D00C-677D-4444-948E-98AC757CFDCD}"
EndProject
Project("{FAE04EC0-301F-11D3-BF4B-00C04F79EFBC}") = "448找到所有数组中消失的数字", "448找到所有数组中消失的数字\448找到所有数组中消失的数字.csproj", "{EA814C13-F81A-4FCD-BED3-7314CE591D43}"
EndProject
Project("{FAE04EC0-301F-11D3-BF4B-00C04F79EFBC}") = "160相交链表", "160相交链表\160相交链表.csproj", "{D8E12D1F-93AA-4631-88EB-CE3EF9026172}"
EndProject
Project("{FAE04EC0-301F-11D3-BF4B-00C04F79EFBC}") = "001两数之和", "001两数之和\001两数之和.csproj", "{B445A8E1-16DB-4C93-8FA4-180B66325FE2}"
EndProject
Project("{FAE04EC0-301F-11D3-BF4B-00C04F79EFBC}") = "155最小栈", "155最小栈\155最小栈.csproj", "{7B163F52-1333-44A1-A1F9-EDF289E1DFD9}"
EndProject
Project("{FAE04EC0-301F-11D3-BF4B-00C04F79EFBC}") = "121买卖股票的最佳时机", "121买卖股票的最佳时机\121买卖股票的最佳时机.csproj", "{E0CC6AD8-86F5-4A40-838D-CCC23E30480D}"
EndProject
Project("{FAE04EC0-301F-11D3-BF4B-00C04F79EFBC}") = "101对称二叉树", "101对称二叉树\101对称二叉树.csproj", "{D9917A8D-9B62-4311-9A57-0F19C6BB0CFA}"
EndProject
Project("{FAE04EC0-301F-11D3-BF4B-00C04F79EFBC}") = "053最大子序和", "053最大子序和\053最大子序和.csproj", "{4B953D68-E4B4-4901-88EF-58224B9F85B2}"
EndProject
Project("{FAE04EC0-301F-11D3-BF4B-00C04F79EFBC}") = "543二叉树的直径", "543二叉树的直径\543二叉树的直径.csproj", "{0130E69E-DEF5-408A-9E29-A8D9B9A06C1D}"
EndProject
Project("{FAE04EC0-301F-11D3-BF4B-00C04F79EFBC}") = "070爬楼梯", "070爬楼梯\070爬楼梯.csproj", "{0B378746-7363-47F1-AB48-B4BE68D5FA89}"
EndProject
Project("{FAE04EC0-301F-11D3-BF4B-00C04F79EFBC}") = "141环形链表", "141环形链表\141环形链表.csproj", "{AB54A075-C905-4A4A-B345-12E089BA8339}"
EndProject
Project("{FAE04EC0-301F-11D3-BF4B-00C04F79EFBC}") = "198打家劫舍", "198打家劫舍\198打家劫舍.csproj", "{34129FCD-8101-4CA7-BE31-26C31B74F3C9}"
EndProject
Project("{FAE04EC0-301F-11D3-BF4B-00C04F79EFBC}") = "234回文链表", "234回文链表\234回文链表.csproj", "{019A6F26-5720-4BDD-97B5-4D8CD173C443}"
EndProject
Project("{FAE04EC0-301F-11D3-BF4B-00C04F79EFBC}") = "020有效的括号", "020有效的括号\020有效的括号.csproj", "{4725BAD4-FF51-45EE-8069-498C73AD4C80}"
EndProject
Project("{FAE04EC0-301F-11D3-BF4B-00C04F79EFBC}") = "078子集", "078子集\078子集.csproj", "{48409BB3-FACF-4F58-B041-5F76162DC211}"
EndProject
Project("{FAE04EC0-301F-11D3-BF4B-00C04F79EFBC}") = "046全排列", "046全排列\046全排列.csproj", "{BAB61CA3-E771-4C5A-95F4-1E589E95121A}"
EndProject
Project("{FAE04EC0-301F-11D3-BF4B-00C04F79EFBC}") = "022括号生成", "022括号生成\022括号生成.csproj", "{DA582D55-546E-4457-9D60-B21971640DB3}"
EndProject
Project("{FAE04EC0-301F-11D3-BF4B-00C04F79EFBC}") = "338比特位计数", "338比特位计数\338比特位计数.csproj", "{76999E39-AC09-46C3-B7A1-B19C34B2E962}"
EndProject
Project("{FAE04EC0-301F-11D3-BF4B-00C04F79EFBC}") = "094二叉树的中序遍历", "094二叉树的中序遍历\094二叉树的中序遍历.csproj", "{78CD1BCE-58E0-4194-86B5-423E3D043BC9}"
EndProject
Project("{FAE04EC0-301F-11D3-BF4B-00C04F79EFBC}") = "048旋转图像", "048旋转图像\048旋转图像.csproj", "{956B7795-AF4F-42EF-8859-8E4A5D7552FA}"
EndProject
Project("{FAE04EC0-301F-11D3-BF4B-00C04F79EFBC}") = "406根据身高重建队列", "406根据身高重建队列\406根据身高重建队列.csproj", "{A82D5999-35B2-435F-9E69-96995E5A04D5}"
EndProject
Project("{FAE04EC0-301F-11D3-BF4B-00C04F79EFBC}") = "039组合总和", "039组合总和\039组合总和.csproj", "{613BF401-BAC2-4C27-9E5C-FF51B725189F}"
EndProject
Project("{FAE04EC0-301F-11D3-BF4B-00C04F79EFBC}") = "114二叉树展开为链表", "114二叉树展开为链表\114二叉树展开为链表.csproj", "{A087B724-6B33-4164-8E04-FC3F7304E925}"
EndProject
Project("{FAE04EC0-301F-11D3-BF4B-00C04F79EFBC}") = "238除自身以外数组的乘积", "238除自身以外数组的乘积\238除自身以外数组的乘积.csproj", "{CDB74EEF-34E4-4FA1-9A1C-D8FAC243DCB6}"
EndProject
Project("{FAE04EC0-301F-11D3-BF4B-00C04F79EFBC}") = "208实现Trie（前缀树）", "208实现Trie（前缀树）\208实现Trie（前缀树）.csproj", "{89A90FAF-4CDF-40BD-96F3-C5E411203905}"
EndProject
Project("{FAE04EC0-301F-11D3-BF4B-00C04F79EFBC}") = "096不同的二叉搜索树", "096不同的二叉搜索树\096不同的二叉搜索树.csproj", "{AF925894-D3CB-406A-BAEE-59828731369D}"
EndProject
Project("{FAE04EC0-301F-11D3-BF4B-00C04F79EFBC}") = "105从前序与中序遍历序列构造二叉树", "105从前序与中序遍历序列构造二叉树\105从前序与中序遍历序列构造二叉树.csproj", "{DF9F6F87-611E-42F1-8BD2-73A473FDFED5}"
EndProject
Project("{FAE04EC0-301F-11D3-BF4B-00C04F79EFBC}") = "064最小路径和", "064最小路径和\064最小路径和.csproj", "{069CA1D5-1A84-44C4-85FE-A668278912DC}"
EndProject
Project("{FAE04EC0-301F-11D3-BF4B-00C04F79EFBC}") = "148排序链表", "148排序链表\148排序链表.csproj", "{CAB5D69C-818C-4129-8F5B-5F9AB6173FD5}"
EndProject
Project("{FAE04EC0-301F-11D3-BF4B-00C04F79EFBC}") = "287寻找重复数", "287寻找重复数\287寻找重复数.csproj", "{DB4A09B3-F852-492F-B0CF-A048C0066512}"
EndProject
Project("{FAE04EC0-301F-11D3-BF4B-00C04F79EFBC}") = "236二叉树的最近公共祖先", "236二叉树的最近公共祖先\236二叉树的最近公共祖先.csproj", "{9AA1CB24-59FA-42AA-9E4F-E6D0647D75FB}"
EndProject
Project("{FAE04EC0-301F-11D3-BF4B-00C04F79EFBC}") = "739每日温度", "739每日温度\739每日温度.csproj", "{A40FBA4A-AAFF-4DBB-A473-C85EDA8A9EDA}"
EndProject
Project("{FAE04EC0-301F-11D3-BF4B-00C04F79EFBC}") = "049字母异位词分组", "049字母异位词分组\049字母异位词分组.csproj", "{4A134066-CE0C-41A7-BD09-B397748A4235}"
EndProject
Global
	GlobalSection(SolutionConfigurationPlatforms) = preSolution
		Debug|Any CPU = Debug|Any CPU
		Release|Any CPU = Release|Any CPU
	EndGlobalSection
	GlobalSection(ProjectConfigurationPlatforms) = postSolution
		{4722C90A-9E17-4DB7-B825-AC220840DDE5}.Debug|Any CPU.ActiveCfg = Debug|Any CPU
		{4722C90A-9E17-4DB7-B825-AC220840DDE5}.Debug|Any CPU.Build.0 = Debug|Any CPU
		{4722C90A-9E17-4DB7-B825-AC220840DDE5}.Release|Any CPU.ActiveCfg = Release|Any CPU
		{4722C90A-9E17-4DB7-B825-AC220840DDE5}.Release|Any CPU.Build.0 = Release|Any CPU
		{AE605860-4A63-4E97-8E1C-4DB6F5156683}.Debug|Any CPU.ActiveCfg = Debug|Any CPU
		{AE605860-4A63-4E97-8E1C-4DB6F5156683}.Debug|Any CPU.Build.0 = Debug|Any CPU
		{AE605860-4A63-4E97-8E1C-4DB6F5156683}.Release|Any CPU.ActiveCfg = Release|Any CPU
		{AE605860-4A63-4E97-8E1C-4DB6F5156683}.Release|Any CPU.Build.0 = Release|Any CPU
		{2C4B713D-8762-46B0-B212-12AEA506F078}.Debug|Any CPU.ActiveCfg = Debug|Any CPU
		{2C4B713D-8762-46B0-B212-12AEA506F078}.Debug|Any CPU.Build.0 = Debug|Any CPU
		{2C4B713D-8762-46B0-B212-12AEA506F078}.Release|Any CPU.ActiveCfg = Release|Any CPU
		{2C4B713D-8762-46B0-B212-12AEA506F078}.Release|Any CPU.Build.0 = Release|Any CPU
		{67E4EFF1-CEC1-4EAA-85FC-27AE196534B7}.Debug|Any CPU.ActiveCfg = Debug|Any CPU
		{67E4EFF1-CEC1-4EAA-85FC-27AE196534B7}.Debug|Any CPU.Build.0 = Debug|Any CPU
		{67E4EFF1-CEC1-4EAA-85FC-27AE196534B7}.Release|Any CPU.ActiveCfg = Release|Any CPU
		{67E4EFF1-CEC1-4EAA-85FC-27AE196534B7}.Release|Any CPU.Build.0 = Release|Any CPU
		{DA0E9C49-8291-4621-A033-48CB97BAFD01}.Debug|Any CPU.ActiveCfg = Debug|Any CPU
		{DA0E9C49-8291-4621-A033-48CB97BAFD01}.Debug|Any CPU.Build.0 = Debug|Any CPU
		{DA0E9C49-8291-4621-A033-48CB97BAFD01}.Release|Any CPU.ActiveCfg = Release|Any CPU
		{DA0E9C49-8291-4621-A033-48CB97BAFD01}.Release|Any CPU.Build.0 = Release|Any CPU
		{AB98CA44-B5B0-4C2A-AF3B-F710C80629AB}.Debug|Any CPU.ActiveCfg = Debug|Any CPU
		{AB98CA44-B5B0-4C2A-AF3B-F710C80629AB}.Debug|Any CPU.Build.0 = Debug|Any CPU
		{AB98CA44-B5B0-4C2A-AF3B-F710C80629AB}.Release|Any CPU.ActiveCfg = Release|Any CPU
		{AB98CA44-B5B0-4C2A-AF3B-F710C80629AB}.Release|Any CPU.Build.0 = Release|Any CPU
		{9903C37C-A58A-49EC-980C-FFF758E49FDF}.Debug|Any CPU.ActiveCfg = Debug|Any CPU
		{9903C37C-A58A-49EC-980C-FFF758E49FDF}.Debug|Any CPU.Build.0 = Debug|Any CPU
		{9903C37C-A58A-49EC-980C-FFF758E49FDF}.Release|Any CPU.ActiveCfg = Release|Any CPU
		{9903C37C-A58A-49EC-980C-FFF758E49FDF}.Release|Any CPU.Build.0 = Release|Any CPU
		{348277E4-8BB3-4A8F-AF69-B9AED96E33D2}.Debug|Any CPU.ActiveCfg = Debug|Any CPU
		{348277E4-8BB3-4A8F-AF69-B9AED96E33D2}.Debug|Any CPU.Build.0 = Debug|Any CPU
		{348277E4-8BB3-4A8F-AF69-B9AED96E33D2}.Release|Any CPU.ActiveCfg = Release|Any CPU
		{348277E4-8BB3-4A8F-AF69-B9AED96E33D2}.Release|Any CPU.Build.0 = Release|Any CPU
		{8895D00C-677D-4444-948E-98AC757CFDCD}.Debug|Any CPU.ActiveCfg = Debug|Any CPU
		{8895D00C-677D-4444-948E-98AC757CFDCD}.Debug|Any CPU.Build.0 = Debug|Any CPU
		{8895D00C-677D-4444-948E-98AC757CFDCD}.Release|Any CPU.ActiveCfg = Release|Any CPU
		{8895D00C-677D-4444-948E-98AC757CFDCD}.Release|Any CPU.Build.0 = Release|Any CPU
		{EA814C13-F81A-4FCD-BED3-7314CE591D43}.Debug|Any CPU.ActiveCfg = Debug|Any CPU
		{EA814C13-F81A-4FCD-BED3-7314CE591D43}.Debug|Any CPU.Build.0 = Debug|Any CPU
		{EA814C13-F81A-4FCD-BED3-7314CE591D43}.Release|Any CPU.ActiveCfg = Release|Any CPU
		{EA814C13-F81A-4FCD-BED3-7314CE591D43}.Release|Any CPU.Build.0 = Release|Any CPU
		{D8E12D1F-93AA-4631-88EB-CE3EF9026172}.Debug|Any CPU.ActiveCfg = Debug|Any CPU
		{D8E12D1F-93AA-4631-88EB-CE3EF9026172}.Debug|Any CPU.Build.0 = Debug|Any CPU
		{D8E12D1F-93AA-4631-88EB-CE3EF9026172}.Release|Any CPU.ActiveCfg = Release|Any CPU
		{D8E12D1F-93AA-4631-88EB-CE3EF9026172}.Release|Any CPU.Build.0 = Release|Any CPU
		{B445A8E1-16DB-4C93-8FA4-180B66325FE2}.Debug|Any CPU.ActiveCfg = Debug|Any CPU
		{B445A8E1-16DB-4C93-8FA4-180B66325FE2}.Debug|Any CPU.Build.0 = Debug|Any CPU
		{B445A8E1-16DB-4C93-8FA4-180B66325FE2}.Release|Any CPU.ActiveCfg = Release|Any CPU
		{B445A8E1-16DB-4C93-8FA4-180B66325FE2}.Release|Any CPU.Build.0 = Release|Any CPU
		{7B163F52-1333-44A1-A1F9-EDF289E1DFD9}.Debug|Any CPU.ActiveCfg = Debug|Any CPU
		{7B163F52-1333-44A1-A1F9-EDF289E1DFD9}.Debug|Any CPU.Build.0 = Debug|Any CPU
		{7B163F52-1333-44A1-A1F9-EDF289E1DFD9}.Release|Any CPU.ActiveCfg = Release|Any CPU
		{7B163F52-1333-44A1-A1F9-EDF289E1DFD9}.Release|Any CPU.Build.0 = Release|Any CPU
		{E0CC6AD8-86F5-4A40-838D-CCC23E30480D}.Debug|Any CPU.ActiveCfg = Debug|Any CPU
		{E0CC6AD8-86F5-4A40-838D-CCC23E30480D}.Debug|Any CPU.Build.0 = Debug|Any CPU
		{E0CC6AD8-86F5-4A40-838D-CCC23E30480D}.Release|Any CPU.ActiveCfg = Release|Any CPU
		{E0CC6AD8-86F5-4A40-838D-CCC23E30480D}.Release|Any CPU.Build.0 = Release|Any CPU
		{D9917A8D-9B62-4311-9A57-0F19C6BB0CFA}.Debug|Any CPU.ActiveCfg = Debug|Any CPU
		{D9917A8D-9B62-4311-9A57-0F19C6BB0CFA}.Debug|Any CPU.Build.0 = Debug|Any CPU
		{D9917A8D-9B62-4311-9A57-0F19C6BB0CFA}.Release|Any CPU.ActiveCfg = Release|Any CPU
		{D9917A8D-9B62-4311-9A57-0F19C6BB0CFA}.Release|Any CPU.Build.0 = Release|Any CPU
		{4B953D68-E4B4-4901-88EF-58224B9F85B2}.Debug|Any CPU.ActiveCfg = Debug|Any CPU
		{4B953D68-E4B4-4901-88EF-58224B9F85B2}.Debug|Any CPU.Build.0 = Debug|Any CPU
		{4B953D68-E4B4-4901-88EF-58224B9F85B2}.Release|Any CPU.ActiveCfg = Release|Any CPU
		{4B953D68-E4B4-4901-88EF-58224B9F85B2}.Release|Any CPU.Build.0 = Release|Any CPU
		{0130E69E-DEF5-408A-9E29-A8D9B9A06C1D}.Debug|Any CPU.ActiveCfg = Debug|Any CPU
		{0130E69E-DEF5-408A-9E29-A8D9B9A06C1D}.Debug|Any CPU.Build.0 = Debug|Any CPU
		{0130E69E-DEF5-408A-9E29-A8D9B9A06C1D}.Release|Any CPU.ActiveCfg = Release|Any CPU
		{0130E69E-DEF5-408A-9E29-A8D9B9A06C1D}.Release|Any CPU.Build.0 = Release|Any CPU
		{0B378746-7363-47F1-AB48-B4BE68D5FA89}.Debug|Any CPU.ActiveCfg = Debug|Any CPU
		{0B378746-7363-47F1-AB48-B4BE68D5FA89}.Debug|Any CPU.Build.0 = Debug|Any CPU
		{0B378746-7363-47F1-AB48-B4BE68D5FA89}.Release|Any CPU.ActiveCfg = Release|Any CPU
		{0B378746-7363-47F1-AB48-B4BE68D5FA89}.Release|Any CPU.Build.0 = Release|Any CPU
		{AB54A075-C905-4A4A-B345-12E089BA8339}.Debug|Any CPU.ActiveCfg = Debug|Any CPU
		{AB54A075-C905-4A4A-B345-12E089BA8339}.Debug|Any CPU.Build.0 = Debug|Any CPU
		{AB54A075-C905-4A4A-B345-12E089BA8339}.Release|Any CPU.ActiveCfg = Release|Any CPU
		{AB54A075-C905-4A4A-B345-12E089BA8339}.Release|Any CPU.Build.0 = Release|Any CPU
		{34129FCD-8101-4CA7-BE31-26C31B74F3C9}.Debug|Any CPU.ActiveCfg = Debug|Any CPU
		{34129FCD-8101-4CA7-BE31-26C31B74F3C9}.Debug|Any CPU.Build.0 = Debug|Any CPU
		{34129FCD-8101-4CA7-BE31-26C31B74F3C9}.Release|Any CPU.ActiveCfg = Release|Any CPU
		{34129FCD-8101-4CA7-BE31-26C31B74F3C9}.Release|Any CPU.Build.0 = Release|Any CPU
		{019A6F26-5720-4BDD-97B5-4D8CD173C443}.Debug|Any CPU.ActiveCfg = Debug|Any CPU
		{019A6F26-5720-4BDD-97B5-4D8CD173C443}.Debug|Any CPU.Build.0 = Debug|Any CPU
		{019A6F26-5720-4BDD-97B5-4D8CD173C443}.Release|Any CPU.ActiveCfg = Release|Any CPU
		{019A6F26-5720-4BDD-97B5-4D8CD173C443}.Release|Any CPU.Build.0 = Release|Any CPU
		{4725BAD4-FF51-45EE-8069-498C73AD4C80}.Debug|Any CPU.ActiveCfg = Debug|Any CPU
		{4725BAD4-FF51-45EE-8069-498C73AD4C80}.Debug|Any CPU.Build.0 = Debug|Any CPU
		{4725BAD4-FF51-45EE-8069-498C73AD4C80}.Release|Any CPU.ActiveCfg = Release|Any CPU
		{4725BAD4-FF51-45EE-8069-498C73AD4C80}.Release|Any CPU.Build.0 = Release|Any CPU
		{48409BB3-FACF-4F58-B041-5F76162DC211}.Debug|Any CPU.ActiveCfg = Debug|Any CPU
		{48409BB3-FACF-4F58-B041-5F76162DC211}.Debug|Any CPU.Build.0 = Debug|Any CPU
		{48409BB3-FACF-4F58-B041-5F76162DC211}.Release|Any CPU.ActiveCfg = Release|Any CPU
		{48409BB3-FACF-4F58-B041-5F76162DC211}.Release|Any CPU.Build.0 = Release|Any CPU
		{BAB61CA3-E771-4C5A-95F4-1E589E95121A}.Debug|Any CPU.ActiveCfg = Debug|Any CPU
		{BAB61CA3-E771-4C5A-95F4-1E589E95121A}.Debug|Any CPU.Build.0 = Debug|Any CPU
		{BAB61CA3-E771-4C5A-95F4-1E589E95121A}.Release|Any CPU.ActiveCfg = Release|Any CPU
		{BAB61CA3-E771-4C5A-95F4-1E589E95121A}.Release|Any CPU.Build.0 = Release|Any CPU
		{DA582D55-546E-4457-9D60-B21971640DB3}.Debug|Any CPU.ActiveCfg = Debug|Any CPU
		{DA582D55-546E-4457-9D60-B21971640DB3}.Debug|Any CPU.Build.0 = Debug|Any CPU
		{DA582D55-546E-4457-9D60-B21971640DB3}.Release|Any CPU.ActiveCfg = Release|Any CPU
		{DA582D55-546E-4457-9D60-B21971640DB3}.Release|Any CPU.Build.0 = Release|Any CPU
		{76999E39-AC09-46C3-B7A1-B19C34B2E962}.Debug|Any CPU.ActiveCfg = Debug|Any CPU
		{76999E39-AC09-46C3-B7A1-B19C34B2E962}.Debug|Any CPU.Build.0 = Debug|Any CPU
		{76999E39-AC09-46C3-B7A1-B19C34B2E962}.Release|Any CPU.ActiveCfg = Release|Any CPU
		{76999E39-AC09-46C3-B7A1-B19C34B2E962}.Release|Any CPU.Build.0 = Release|Any CPU
		{78CD1BCE-58E0-4194-86B5-423E3D043BC9}.Debug|Any CPU.ActiveCfg = Debug|Any CPU
		{78CD1BCE-58E0-4194-86B5-423E3D043BC9}.Debug|Any CPU.Build.0 = Debug|Any CPU
		{78CD1BCE-58E0-4194-86B5-423E3D043BC9}.Release|Any CPU.ActiveCfg = Release|Any CPU
		{78CD1BCE-58E0-4194-86B5-423E3D043BC9}.Release|Any CPU.Build.0 = Release|Any CPU
		{956B7795-AF4F-42EF-8859-8E4A5D7552FA}.Debug|Any CPU.ActiveCfg = Debug|Any CPU
		{956B7795-AF4F-42EF-8859-8E4A5D7552FA}.Debug|Any CPU.Build.0 = Debug|Any CPU
		{956B7795-AF4F-42EF-8859-8E4A5D7552FA}.Release|Any CPU.ActiveCfg = Release|Any CPU
		{956B7795-AF4F-42EF-8859-8E4A5D7552FA}.Release|Any CPU.Build.0 = Release|Any CPU
		{A82D5999-35B2-435F-9E69-96995E5A04D5}.Debug|Any CPU.ActiveCfg = Debug|Any CPU
		{A82D5999-35B2-435F-9E69-96995E5A04D5}.Debug|Any CPU.Build.0 = Debug|Any CPU
		{A82D5999-35B2-435F-9E69-96995E5A04D5}.Release|Any CPU.ActiveCfg = Release|Any CPU
		{A82D5999-35B2-435F-9E69-96995E5A04D5}.Release|Any CPU.Build.0 = Release|Any CPU
		{613BF401-BAC2-4C27-9E5C-FF51B725189F}.Debug|Any CPU.ActiveCfg = Debug|Any CPU
		{613BF401-BAC2-4C27-9E5C-FF51B725189F}.Debug|Any CPU.Build.0 = Debug|Any CPU
		{613BF401-BAC2-4C27-9E5C-FF51B725189F}.Release|Any CPU.ActiveCfg = Release|Any CPU
		{613BF401-BAC2-4C27-9E5C-FF51B725189F}.Release|Any CPU.Build.0 = Release|Any CPU
		{A087B724-6B33-4164-8E04-FC3F7304E925}.Debug|Any CPU.ActiveCfg = Debug|Any CPU
		{A087B724-6B33-4164-8E04-FC3F7304E925}.Debug|Any CPU.Build.0 = Debug|Any CPU
		{A087B724-6B33-4164-8E04-FC3F7304E925}.Release|Any CPU.ActiveCfg = Release|Any CPU
		{A087B724-6B33-4164-8E04-FC3F7304E925}.Release|Any CPU.Build.0 = Release|Any CPU
		{CDB74EEF-34E4-4FA1-9A1C-D8FAC243DCB6}.Debug|Any CPU.ActiveCfg = Debug|Any CPU
		{CDB74EEF-34E4-4FA1-9A1C-D8FAC243DCB6}.Debug|Any CPU.Build.0 = Debug|Any CPU
		{CDB74EEF-34E4-4FA1-9A1C-D8FAC243DCB6}.Release|Any CPU.ActiveCfg = Release|Any CPU
		{CDB74EEF-34E4-4FA1-9A1C-D8FAC243DCB6}.Release|Any CPU.Build.0 = Release|Any CPU
		{89A90FAF-4CDF-40BD-96F3-C5E411203905}.Debug|Any CPU.ActiveCfg = Debug|Any CPU
		{89A90FAF-4CDF-40BD-96F3-C5E411203905}.Debug|Any CPU.Build.0 = Debug|Any CPU
		{89A90FAF-4CDF-40BD-96F3-C5E411203905}.Release|Any CPU.ActiveCfg = Release|Any CPU
		{89A90FAF-4CDF-40BD-96F3-C5E411203905}.Release|Any CPU.Build.0 = Release|Any CPU
		{AF925894-D3CB-406A-BAEE-59828731369D}.Debug|Any CPU.ActiveCfg = Debug|Any CPU
		{AF925894-D3CB-406A-BAEE-59828731369D}.Debug|Any CPU.Build.0 = Debug|Any CPU
		{AF925894-D3CB-406A-BAEE-59828731369D}.Release|Any CPU.ActiveCfg = Release|Any CPU
		{AF925894-D3CB-406A-BAEE-59828731369D}.Release|Any CPU.Build.0 = Release|Any CPU
		{DF9F6F87-611E-42F1-8BD2-73A473FDFED5}.Debug|Any CPU.ActiveCfg = Debug|Any CPU
		{DF9F6F87-611E-42F1-8BD2-73A473FDFED5}.Debug|Any CPU.Build.0 = Debug|Any CPU
		{DF9F6F87-611E-42F1-8BD2-73A473FDFED5}.Release|Any CPU.ActiveCfg = Release|Any CPU
		{DF9F6F87-611E-42F1-8BD2-73A473FDFED5}.Release|Any CPU.Build.0 = Release|Any CPU
		{069CA1D5-1A84-44C4-85FE-A668278912DC}.Debug|Any CPU.ActiveCfg = Debug|Any CPU
		{069CA1D5-1A84-44C4-85FE-A668278912DC}.Debug|Any CPU.Build.0 = Debug|Any CPU
		{069CA1D5-1A84-44C4-85FE-A668278912DC}.Release|Any CPU.ActiveCfg = Release|Any CPU
		{069CA1D5-1A84-44C4-85FE-A668278912DC}.Release|Any CPU.Build.0 = Release|Any CPU
		{CAB5D69C-818C-4129-8F5B-5F9AB6173FD5}.Debug|Any CPU.ActiveCfg = Debug|Any CPU
		{CAB5D69C-818C-4129-8F5B-5F9AB6173FD5}.Debug|Any CPU.Build.0 = Debug|Any CPU
		{CAB5D69C-818C-4129-8F5B-5F9AB6173FD5}.Release|Any CPU.ActiveCfg = Release|Any CPU
		{CAB5D69C-818C-4129-8F5B-5F9AB6173FD5}.Release|Any CPU.Build.0 = Release|Any CPU
		{DB4A09B3-F852-492F-B0CF-A048C0066512}.Debug|Any CPU.ActiveCfg = Debug|Any CPU
		{DB4A09B3-F852-492F-B0CF-A048C0066512}.Debug|Any CPU.Build.0 = Debug|Any CPU
		{DB4A09B3-F852-492F-B0CF-A048C0066512}.Release|Any CPU.ActiveCfg = Release|Any CPU
		{DB4A09B3-F852-492F-B0CF-A048C0066512}.Release|Any CPU.Build.0 = Release|Any CPU
		{9AA1CB24-59FA-42AA-9E4F-E6D0647D75FB}.Debug|Any CPU.ActiveCfg = Debug|Any CPU
		{9AA1CB24-59FA-42AA-9E4F-E6D0647D75FB}.Debug|Any CPU.Build.0 = Debug|Any CPU
		{9AA1CB24-59FA-42AA-9E4F-E6D0647D75FB}.Release|Any CPU.ActiveCfg = Release|Any CPU
		{9AA1CB24-59FA-42AA-9E4F-E6D0647D75FB}.Release|Any CPU.Build.0 = Release|Any CPU
		{A40FBA4A-AAFF-4DBB-A473-C85EDA8A9EDA}.Debug|Any CPU.ActiveCfg = Debug|Any CPU
		{A40FBA4A-AAFF-4DBB-A473-C85EDA8A9EDA}.Debug|Any CPU.Build.0 = Debug|Any CPU
		{A40FBA4A-AAFF-4DBB-A473-C85EDA8A9EDA}.Release|Any CPU.ActiveCfg = Release|Any CPU
		{A40FBA4A-AAFF-4DBB-A473-C85EDA8A9EDA}.Release|Any CPU.Build.0 = Release|Any CPU
		{4A134066-CE0C-41A7-BD09-B397748A4235}.Debug|Any CPU.ActiveCfg = Debug|Any CPU
		{4A134066-CE0C-41A7-BD09-B397748A4235}.Debug|Any CPU.Build.0 = Debug|Any CPU
		{4A134066-CE0C-41A7-BD09-B397748A4235}.Release|Any CPU.ActiveCfg = Release|Any CPU
		{4A134066-CE0C-41A7-BD09-B397748A4235}.Release|Any CPU.Build.0 = Release|Any CPU
	EndGlobalSection
	GlobalSection(SolutionProperties) = preSolution
		HideSolutionNode = FALSE
	EndGlobalSection
	GlobalSection(ExtensibilityGlobals) = postSolution
		SolutionGuid = {19E943C1-A6AF-498F-AFE9-A151550543B4}
	EndGlobalSection
EndGlobal
